Microsoft Visual Studio Solution File, Format Version 12.00
# Visual Studio 15
VisualStudioVersion = 15.0.28307.852
MinimumVisualStudioVersion = 10.0.40219.1
Project("{8BC9CEB8-8B4A-11D0-8D11-00A0C91BC942}") = "libcul-v141", "libcul\libcul-v141.vcxproj", "{243F1BE5-AB18-44A4-9E0B-3ED5E49980BA}"
EndProject
Project("{8BC9CEB8-8B4A-11D0-8D11-00A0C91BC942}") = "libculTests-v141", "libculTests\libculTests-v141.vcxproj", "{6B7FF520-98CF-4132-813C-0F205C22152F}"
	ProjectSection(ProjectDependencies) = postProject
		{243F1BE5-AB18-44A4-9E0B-3ED5E49980BA} = {243F1BE5-AB18-44A4-9E0B-3ED5E49980BA}
	EndProjectSection
EndProject
Global
	GlobalSection(SolutionConfigurationPlatforms) = preSolution
		Debug|x64 = Debug|x64
		Debug|x86 = Debug|x86
		Release|x64 = Release|x64
		Release|x86 = Release|x86
	EndGlobalSection
	GlobalSection(ProjectConfigurationPlatforms) = postSolution
		{243F1BE5-AB18-44A4-9E0B-3ED5E49980BA}.Debug|x64.ActiveCfg = Debug|x64
		{243F1BE5-AB18-44A4-9E0B-3ED5E49980BA}.Debug|x64.Build.0 = Debug|x64
		{243F1BE5-AB18-44A4-9E0B-3ED5E49980BA}.Debug|x86.ActiveCfg = Debug|Win32
		{243F1BE5-AB18-44A4-9E0B-3ED5E49980BA}.Debug|x86.Build.0 = Debug|Win32
		{243F1BE5-AB18-44A4-9E0B-3ED5E49980BA}.Release|x64.ActiveCfg = Release|x64
		{243F1BE5-AB18-44A4-9E0B-3ED5E49980BA}.Release|x64.Build.0 = Release|x64
		{243F1BE5-AB18-44A4-9E0B-3ED5E49980BA}.Release|x86.ActiveCfg = Release|Win32
		{243F1BE5-AB18-44A4-9E0B-3ED5E49980BA}.Release|x86.Build.0 = Release|Win32
		{6B7FF520-98CF-4132-813C-0F205C22152F}.Debug|x64.ActiveCfg = Debug|x64
		{6B7FF520-98CF-4132-813C-0F205C22152F}.Debug|x64.Build.0 = Debug|x64
		{6B7FF520-98CF-4132-813C-0F205C22152F}.Debug|x86.ActiveCfg = Debug|Win32
		{6B7FF520-98CF-4132-813C-0F205C22152F}.Debug|x86.Build.0 = Debug|Win32
		{6B7FF520-98CF-4132-813C-0F205C22152F}.Release|x64.ActiveCfg = Release|x64
		{6B7FF520-98CF-4132-813C-0F205C22152F}.Release|x64.Build.0 = Release|x64
		{6B7FF520-98CF-4132-813C-0F205C22152F}.Release|x86.ActiveCfg = Release|Win32
		{6B7FF520-98CF-4132-813C-0F205C22152F}.Release|x86.Build.0 = Release|Win32
	EndGlobalSection
	GlobalSection(SolutionProperties) = preSolution
		HideSolutionNode = FALSE
	EndGlobalSection
	GlobalSection(ExtensibilityGlobals) = postSolution
		SolutionGuid = {C7D52CAC-911B-47DF-BA76-91AF52BDCCA5}
	EndGlobalSection
EndGlobal
