<?xml version="1.0" encoding="utf-8"?>
<Project ToolsVersion="4.0" xmlns="http://schemas.microsoft.com/developer/msbuild/2003">
  <ItemGroup>
    <Filter Include="src">
      <UniqueIdentifier>{4f2ed5bf-cc2c-4aca-9f65-c3d369775229}</UniqueIdentifier>
    </Filter>
    <Filter Include="src\Log">
      <UniqueIdentifier>{56175470-9393-4f89-bdc1-b0d13a1582d6}</UniqueIdentifier>
    </Filter>
    <Filter Include="src\JSON">
      <UniqueIdentifier>{cbd8b982-504a-447a-b532-95c80e8f9162}</UniqueIdentifier>
    </Filter>
    <Filter Include="src\Math">
      <UniqueIdentifier>{46020364-f857-4355-9ef7-06eb7562ad67}</UniqueIdentifier>
    </Filter>
    <Filter Include="src\Video">
      <UniqueIdentifier>{82f71306-1ab5-409d-bf0a-2a452705374c}</UniqueIdentifier>
    </Filter>
    <Filter Include="src\String">
      <UniqueIdentifier>{564f60ab-e710-4137-8b5e-2666af7691c2}</UniqueIdentifier>
    </Filter>
    <Filter Include="src\OSUtils">
      <UniqueIdentifier>{739e85e8-f5b4-4adf-bc17-3addab3cc2da}</UniqueIdentifier>
    </Filter>
    <Filter Include="src\Graphics">
      <UniqueIdentifier>{8982f0fc-f101-41d8-a0b5-773855853fb4}</UniqueIdentifier>
    </Filter>
    <Filter Include="src\Filesystem">
      <UniqueIdentifier>{328cc321-ce40-42cf-8394-78e7b6614024}</UniqueIdentifier>
    </Filter>
    <Filter Include="src\GenericUtils">
      <UniqueIdentifier>{010275a0-b6d6-4c7d-ba34-204f5b53d45f}</UniqueIdentifier>
    </Filter>
    <Filter Include="inc\CUL">
      <UniqueIdentifier>{2b96e0d8-035d-4cf2-8fe8-cde0d289ef2c}</UniqueIdentifier>
    </Filter>
    <Filter Include="inc">
      <UniqueIdentifier>{bfb06d66-e338-4f25-8325-c45f92820268}</UniqueIdentifier>
    </Filter>
    <Filter Include="inc\CUL\Log">
      <UniqueIdentifier>{daf17ff0-c0c9-4f7e-8dbf-8cf78bbc02cb}</UniqueIdentifier>
    </Filter>
    <Filter Include="inc\CUL\Math">
      <UniqueIdentifier>{e089d16e-884b-4c73-9747-54dee99166ed}</UniqueIdentifier>
    </Filter>
    <Filter Include="inc\CUL\JSON">
      <UniqueIdentifier>{113391e2-abb8-4372-b571-77ed2391c30e}</UniqueIdentifier>
    </Filter>
    <Filter Include="inc\CUL\List">
      <UniqueIdentifier>{fe156e14-5f33-4673-b588-4f57a3d51ea0}</UniqueIdentifier>
    </Filter>
    <Filter Include="inc\CUL\Video">
      <UniqueIdentifier>{3dab679e-3556-4a14-bbfd-da36e9198c51}</UniqueIdentifier>
    </Filter>
    <Filter Include="inc\CUL\Network">
      <UniqueIdentifier>{51029583-0fab-43ea-812e-549ba579cfcf}</UniqueIdentifier>
    </Filter>
    <Filter Include="inc\CUL\OSUtils">
      <UniqueIdentifier>{619862bf-7071-454c-aff7-6d8cdd705dab}</UniqueIdentifier>
    </Filter>
    <Filter Include="inc\CUL\Windows">
      <UniqueIdentifier>{ea9b1bff-eaa1-4810-a8c8-970aee06fcef}</UniqueIdentifier>
    </Filter>
    <Filter Include="inc\CUL\Graphics">
      <UniqueIdentifier>{e928a7d6-c49f-4e64-8b1f-e34e384f20b6}</UniqueIdentifier>
    </Filter>
    <Filter Include="inc\CUL\Filesystem">
      <UniqueIdentifier>{356bd3a1-26be-48e9-96d8-3c4f42dec1f8}</UniqueIdentifier>
    </Filter>
    <Filter Include="inc\CUL\STL_IMPORTS">
      <UniqueIdentifier>{6473ff7d-57c9-4677-82c0-687118b5839a}</UniqueIdentifier>
    </Filter>
    <Filter Include="inc\CUL\GenericUtils">
      <UniqueIdentifier>{04042a3b-5621-417a-9cfa-743405c9cd1b}</UniqueIdentifier>
    </Filter>
  </ItemGroup>
  <ItemGroup>
    <ClCompile Include="src\STD_chrono.hpp">
      <Filter>src</Filter>
    </ClCompile>
    <ClCompile Include="src\Color.cpp">
      <Filter>src</Filter>
    </ClCompile>
    <ClCompile Include="src\CSVFile.cpp">
      <Filter>src</Filter>
    </ClCompile>
    <ClCompile Include="src\FileCompileTest.cpp">
      <Filter>src</Filter>
    </ClCompile>
    <ClCompile Include="src\Frustum.cpp">
      <Filter>src</Filter>
    </ClCompile>
    <ClCompile Include="src\ICSVFile.cpp">
      <Filter>src</Filter>
    </ClCompile>
    <ClCompile Include="src\IName.cpp">
      <Filter>src</Filter>
    </ClCompile>
    <ClCompile Include="src\IPivot.cpp">
      <Filter>src</Filter>
    </ClCompile>
    <ClCompile Include="src\ThreadUtils.cpp">
      <Filter>src</Filter>
    </ClCompile>
    <ClCompile Include="src\ITime.cpp">
      <Filter>src</Filter>
    </ClCompile>
    <ClCompile Include="src\ITimer.cpp">
      <Filter>src</Filter>
    </ClCompile>
    <ClCompile Include="src\Line.cpp">
      <Filter>src</Filter>
    </ClCompile>
    <ClCompile Include="src\Named.cpp">
      <Filter>src</Filter>
    </ClCompile>
    <ClCompile Include="src\Quaternion.cpp">
      <Filter>src</Filter>
    </ClCompile>
    <ClCompile Include="src\SimpleAssert.cpp">
      <Filter>src</Filter>
    </ClCompile>
    <ClCompile Include="src\ThreadUtilityDummy.cpp">
      <Filter>src</Filter>
    </ClCompile>
    <ClCompile Include="src\ThreadUtilityWindows.cpp">
      <Filter>src</Filter>
    </ClCompile>
    <ClCompile Include="src\TimeConcrete.cpp">
      <Filter>src</Filter>
    </ClCompile>
    <ClCompile Include="src\TimerChrono.cpp">
      <Filter>src</Filter>
    </ClCompile>
    <ClCompile Include="src\Log\ILogContainer.cpp">
      <Filter>src\Log</Filter>
    </ClCompile>
    <ClCompile Include="src\Log\LoggerSimpleStandardOutput.cpp">
      <Filter>src\Log</Filter>
    </ClCompile>
    <ClCompile Include="src\Log\ILogger.cpp">
      <Filter>src\Log</Filter>
    </ClCompile>
    <ClCompile Include="src\JSON\DataValue.cpp">
      <Filter>src\JSON</Filter>
    </ClCompile>
    <ClCompile Include="src\JSON\INode.cpp">
      <Filter>src\JSON</Filter>
    </ClCompile>
    <ClCompile Include="src\JSON\JSONFileConcrete.cpp">
      <Filter>src\JSON</Filter>
    </ClCompile>
    <ClCompile Include="src\Math\Axis.cpp">
      <Filter>src\Math</Filter>
    </ClCompile>
    <ClCompile Include="src\Math\IAngle.cpp">
      <Filter>src\Math</Filter>
    </ClCompile>
    <ClCompile Include="src\Math\Math.cpp">
      <Filter>src\Math</Filter>
    </ClCompile>
    <ClCompile Include="src\Math\TriangleRectangularSimple2D.cpp">
      <Filter>src\Math</Filter>
    </ClCompile>
    <ClCompile Include="src\Video\FPSCounterConcrete.cpp">
      <Filter>src\Video</Filter>
    </ClCompile>
    <ClCompile Include="src\Video\IFPSCounter.cpp">
      <Filter>src\Video</Filter>
    </ClCompile>
    <ClCompile Include="src\Video\IFPSObservable.cpp">
      <Filter>src\Video</Filter>
    </ClCompile>
    <ClCompile Include="src\String\String.cpp">
      <Filter>src\String</Filter>
    </ClCompile>
    <ClCompile Include="src\String\StringImpl.cpp">
      <Filter>src\String</Filter>
    </ClCompile>
    <ClCompile Include="src\OSUtils\ISystemFonts.cpp">
      <Filter>src\OSUtils</Filter>
    </ClCompile>
    <ClCompile Include="src\OSUtils\SystemFontsWindows.cpp">
      <Filter>src\OSUtils</Filter>
    </ClCompile>
    <ClCompile Include="src\Graphics\DevilImageLoader.cpp">
      <Filter>src\Graphics</Filter>
    </ClCompile>
    <ClCompile Include="src\Graphics\IImage.cpp">
      <Filter>src\Graphics</Filter>
    </ClCompile>
    <ClCompile Include="src\Graphics\IImageLoader.cpp">
      <Filter>src\Graphics</Filter>
    </ClCompile>
    <ClCompile Include="src\Graphics\ImageDevil.cpp">
      <Filter>src\Graphics</Filter>
    </ClCompile>
    <ClCompile Include="src\Graphics\Size3DDMutexed.cpp">
      <Filter>src\Graphics</Filter>
    </ClCompile>
    <ClCompile Include="src\Graphics\Size3DDMutexedImpl.cpp">
      <Filter>src\Graphics</Filter>
    </ClCompile>
    <ClCompile Include="src\Graphics\IObject.cpp">
      <Filter>src\Graphics</Filter>
    </ClCompile>
    <ClCompile Include="src\Graphics\IPosition3DD.cpp">
      <Filter>src\Graphics</Filter>
    </ClCompile>
    <ClCompile Include="src\Graphics\ITexture.cpp">
      <Filter>src\Graphics</Filter>
    </ClCompile>
    <ClCompile Include="src\Graphics\Position3DDMutexedImpl.cpp">
      <Filter>src\Graphics</Filter>
    </ClCompile>
    <ClCompile Include="src\Graphics\Position3DDMutexed.cpp">
      <Filter>src\Graphics</Filter>
    </ClCompile>
    <ClCompile Include="src\Graphics\RawImageConcrete.cpp">
      <Filter>src\Graphics</Filter>
    </ClCompile>
    <ClCompile Include="src\Filesystem\FSUtils.cpp">
      <Filter>src\Filesystem</Filter>
    </ClCompile>
    <ClCompile Include="src\Filesystem\FileFactory.cpp">
      <Filter>src\Filesystem</Filter>
    </ClCompile>
    <ClCompile Include="src\Filesystem\FileRegularImpl.cpp">
      <Filter>src\Filesystem</Filter>
    </ClCompile>
    <ClCompile Include="src\Filesystem\FS.cpp">
      <Filter>src\Filesystem</Filter>
    </ClCompile>
    <ClCompile Include="src\Filesystem\IFile.cpp">
      <Filter>src\Filesystem</Filter>
    </ClCompile>
    <ClCompile Include="src\Filesystem\Path.cpp">
      <Filter>src\Filesystem</Filter>
    </ClCompile>
    <ClCompile Include="src\GenericUtils\ArgumentsPairConcrete.cpp">
      <Filter>src\GenericUtils</Filter>
    </ClCompile>
    <ClCompile Include="src\GenericUtils\ConsoleUtilities.cpp">
      <Filter>src\GenericUtils</Filter>
    </ClCompile>
    <ClCompile Include="src\GenericUtils\IArgumentsPair.cpp">
      <Filter>src\GenericUtils</Filter>
    </ClCompile>
    <ClCompile Include="src\JSON\INodeImpl.cpp">
      <Filter>src\JSON</Filter>
    </ClCompile>
  </ItemGroup>
  <ItemGroup>
    <ClInclude Include="src\CSVFile.hpp">
      <Filter>src</Filter>
    </ClInclude>
    <ClInclude Include="src\IMPORT_boost_assert.hpp">
      <Filter>src</Filter>
    </ClInclude>
    <ClInclude Include="src\IMPORT_boost_variant.hpp">
      <Filter>src</Filter>
    </ClInclude>
    <ClInclude Include="src\IMPORT_devil.hpp">
      <Filter>src</Filter>
    </ClInclude>
    <ClInclude Include="src\STDCodecvt.hpp">
      <Filter>src</Filter>
    </ClInclude>
    <ClInclude Include="src\ThreadUtilityDummy.hpp">
      <Filter>src</Filter>
    </ClInclude>
    <ClInclude Include="src\ThreadUtilityWindows.hpp">
      <Filter>src</Filter>
    </ClInclude>
    <ClInclude Include="src\TimeConcrete.hpp">
      <Filter>src</Filter>
    </ClInclude>
    <ClInclude Include="src\TimerChrono.hpp">
      <Filter>src</Filter>
    </ClInclude>
    <ClInclude Include="src\Log\IMPORT_spdlog.hpp">
      <Filter>src\Log</Filter>
    </ClInclude>
    <ClInclude Include="src\Log\LoggerSimpleStandardOutput.hpp">
      <Filter>src\Log</Filter>
    </ClInclude>
    <ClInclude Include="src\JSON\JSONFileConcrete.hpp">
      <Filter>src\JSON</Filter>
    </ClInclude>
    <ClInclude Include="src\JSON\ImportRapidJSON.hpp">
      <Filter>src\JSON</Filter>
    </ClInclude>
    <ClInclude Include="src\Video\FPSCounterConcrete.hpp">
      <Filter>src\Video</Filter>
    </ClInclude>
    <ClInclude Include="src\String\StringImpl.hpp">
      <Filter>src\String</Filter>
    </ClInclude>
    <ClInclude Include="src\OSUtils\SystemFontsWindows.hpp">
      <Filter>src\OSUtils</Filter>
    </ClInclude>
    <ClInclude Include="src\Graphics\DevilImageLoader.hpp">
      <Filter>src\Graphics</Filter>
    </ClInclude>
    <ClInclude Include="src\Graphics\ImageDevil.hpp">
      <Filter>src\Graphics</Filter>
    </ClInclude>
    <ClInclude Include="src\Graphics\IMPORT_Devil.hpp">
      <Filter>src\Graphics</Filter>
    </ClInclude>
    <ClInclude Include="src\Graphics\Position3DDMutexedImpl.hpp">
      <Filter>src\Graphics</Filter>
    </ClInclude>
    <ClInclude Include="src\Graphics\RawImageConcrete.hpp">
      <Filter>src\Graphics</Filter>
    </ClInclude>
    <ClInclude Include="src\Graphics\Size3DDMutexedImpl.hpp">
      <Filter>src\Graphics</Filter>
    </ClInclude>
    <ClInclude Include="src\Filesystem\FileRegularImpl.hpp">
      <Filter>src\Filesystem</Filter>
    </ClInclude>
    <ClInclude Include="src\Filesystem\FSUtils.hpp">
      <Filter>src\Filesystem</Filter>
    </ClInclude>
    <ClInclude Include="src\GenericUtils\ArgumentsPairConcrete.hpp">
      <Filter>src\GenericUtils</Filter>
    </ClInclude>
    <ClInclude Include="inc\CUL\CUL.hpp">
      <Filter>inc\CUL</Filter>
    </ClInclude>
    <ClInclude Include="inc\CUL\ICSVFile.hpp">
      <Filter>inc\CUL</Filter>
    </ClInclude>
    <ClInclude Include="inc\CUL\IName.hpp">
      <Filter>inc\CUL</Filter>
    </ClInclude>
    <ClInclude Include="inc\CUL\Iterator.hpp">
      <Filter>inc\CUL</Filter>
    </ClInclude>
    <ClInclude Include="inc\CUL\ITime.hpp">
      <Filter>inc\CUL</Filter>
    </ClInclude>
    <ClInclude Include="inc\CUL\ITimer.hpp">
      <Filter>inc\CUL</Filter>
    </ClInclude>
    <ClInclude Include="inc\CUL\Named.hpp">
      <Filter>inc\CUL</Filter>
    </ClInclude>
    <ClInclude Include="inc\CUL\String.hpp">
      <Filter>inc\CUL</Filter>
    </ClInclude>
    <ClInclude Include="inc\CUL\ThreadUtils.hpp">
      <Filter>inc\CUL</Filter>
    </ClInclude>
    <ClInclude Include="inc\CUL\ThreadWrap.hpp">
      <Filter>inc\CUL</Filter>
    </ClInclude>
    <ClInclude Include="inc\CUL\UselessMacros.hpp">
      <Filter>inc\CUL</Filter>
    </ClInclude>
    <ClInclude Include="inc\CUL\Log\ILogContainer.hpp">
      <Filter>inc\CUL\Log</Filter>
    </ClInclude>
    <ClInclude Include="inc\CUL\Log\ILogger.hpp">
      <Filter>inc\CUL\Log</Filter>
    </ClInclude>
    <ClInclude Include="inc\CUL\Math\RotationType.hpp">
      <Filter>inc\CUL\Math</Filter>
    </ClInclude>
    <ClInclude Include="inc\CUL\Math\TriangleRectangularSimple2D.hpp">
      <Filter>inc\CUL\Math</Filter>
    </ClInclude>
    <ClInclude Include="inc\CUL\Math\Triangle.hpp">
      <Filter>inc\CUL\Math</Filter>
    </ClInclude>
    <ClInclude Include="inc\CUL\Math\Axis.hpp">
      <Filter>inc\CUL\Math</Filter>
    </ClInclude>
    <ClInclude Include="inc\CUL\Math\Epsilon.hpp">
      <Filter>inc\CUL\Math</Filter>
    </ClInclude>
    <ClInclude Include="inc\CUL\Math\Frustum.hpp">
      <Filter>inc\CUL\Math</Filter>
    </ClInclude>
    <ClInclude Include="inc\CUL\Math\Angle.hpp">
      <Filter>inc\CUL\Math</Filter>
    </ClInclude>
    <ClInclude Include="inc\CUL\Math\IPivot.hpp">
      <Filter>inc\CUL\Math</Filter>
    </ClInclude>
    <ClInclude Include="inc\CUL\Math\IPivotObserver.hpp">
      <Filter>inc\CUL\Math</Filter>
    </ClInclude>
    <ClInclude Include="inc\CUL\Math\Line.hpp">
      <Filter>inc\CUL\Math</Filter>
    </ClInclude>
    <ClInclude Include="inc\CUL\Math\Math.hpp">
      <Filter>inc\CUL\Math</Filter>
    </ClInclude>
    <ClInclude Include="inc\CUL\Math\Matrix2D.hpp">
      <Filter>inc\CUL\Math</Filter>
    </ClInclude>
    <ClInclude Include="inc\CUL\Math\MultiPoint.hpp">
      <Filter>inc\CUL\Math</Filter>
    </ClInclude>
    <ClInclude Include="inc\CUL\Math\PosTable.hpp">
      <Filter>inc\CUL\Math</Filter>
    </ClInclude>
    <ClInclude Include="inc\CUL\Math\Quaternion.hpp">
      <Filter>inc\CUL\Math</Filter>
    </ClInclude>
    <ClInclude Include="inc\CUL\Math\SquareMatrix2D.hpp">
      <Filter>inc\CUL\Math</Filter>
    </ClInclude>
    <ClInclude Include="inc\CUL\Math\Vector3D.hpp">
      <Filter>inc\CUL\Math</Filter>
    </ClInclude>
    <ClInclude Include="inc\CUL\JSON\DataValue.hpp">
      <Filter>inc\CUL\JSON</Filter>
    </ClInclude>
    <ClInclude Include="inc\CUL\JSON\IJSON.hpp">
      <Filter>inc\CUL\JSON</Filter>
    </ClInclude>
    <ClInclude Include="inc\CUL\JSON\IJSONFile.hpp">
      <Filter>inc\CUL\JSON</Filter>
    </ClInclude>
    <ClInclude Include="inc\CUL\JSON\INode.hpp">
      <Filter>inc\CUL\JSON</Filter>
    </ClInclude>
    <ClInclude Include="inc\CUL\List\IList.hpp">
      <Filter>inc\CUL\List</Filter>
    </ClInclude>
    <ClInclude Include="inc\CUL\Video\IFPSCounter.hpp">
      <Filter>inc\CUL\Video</Filter>
    </ClInclude>
    <ClInclude Include="inc\CUL\Video\IFPSObservable.hpp">
      <Filter>inc\CUL\Video</Filter>
    </ClInclude>
    <ClInclude Include="inc\CUL\Network\IHttpRequest.hpp">
      <Filter>inc\CUL\Network</Filter>
    </ClInclude>
    <ClInclude Include="inc\CUL\OSUtils\ISystemFonts.hpp">
      <Filter>inc\CUL\OSUtils</Filter>
    </ClInclude>
    <ClInclude Include="inc\CUL\Windows\INCLUDE_dwrite.hpp">
      <Filter>inc\CUL\Windows</Filter>
    </ClInclude>
    <ClInclude Include="inc\CUL\Graphics\Color.hpp">
      <Filter>inc\CUL\Graphics</Filter>
    </ClInclude>
    <ClInclude Include="inc\CUL\Graphics\IImage.hpp">
      <Filter>inc\CUL\Graphics</Filter>
    </ClInclude>
    <ClInclude Include="inc\CUL\Graphics\IImageLoader.hpp">
      <Filter>inc\CUL\Graphics</Filter>
    </ClInclude>
    <ClInclude Include="inc\CUL\Graphics\IObject.hpp">
      <Filter>inc\CUL\Graphics</Filter>
    </ClInclude>
    <ClInclude Include="inc\CUL\Graphics\IObjectRegister.hpp">
      <Filter>inc\CUL\Graphics</Filter>
    </ClInclude>
    <ClInclude Include="inc\CUL\Graphics\IPosition3DD.hpp">
      <Filter>inc\CUL\Graphics</Filter>
    </ClInclude>
    <ClInclude Include="inc\CUL\Graphics\IRawImage.hpp">
      <Filter>inc\CUL\Graphics</Filter>
    </ClInclude>
    <ClInclude Include="inc\CUL\Graphics\ISize3DD.hpp">
      <Filter>inc\CUL\Graphics</Filter>
    </ClInclude>
    <ClInclude Include="inc\CUL\Graphics\ITexture.hpp">
      <Filter>inc\CUL\Graphics</Filter>
    </ClInclude>
    <ClInclude Include="inc\CUL\Graphics\Pos2D.hpp">
      <Filter>inc\CUL\Graphics</Filter>
    </ClInclude>
    <ClInclude Include="inc\CUL\Graphics\Pos3D.hpp">
      <Filter>inc\CUL\Graphics</Filter>
    </ClInclude>
    <ClInclude Include="inc\CUL\Graphics\Position3DDMutexed.hpp">
      <Filter>inc\CUL\Graphics</Filter>
    </ClInclude>
    <ClInclude Include="inc\CUL\Graphics\Rect2D.hpp">
      <Filter>inc\CUL\Graphics</Filter>
    </ClInclude>
    <ClInclude Include="inc\CUL\Graphics\SimplePos3D.hpp">
      <Filter>inc\CUL\Graphics</Filter>
    </ClInclude>
    <ClInclude Include="inc\CUL\Graphics\SimpleSize2D.hpp">
      <Filter>inc\CUL\Graphics</Filter>
    </ClInclude>
    <ClInclude Include="inc\CUL\Graphics\SimpleSize3D.hpp">
      <Filter>inc\CUL\Graphics</Filter>
    </ClInclude>
    <ClInclude Include="inc\CUL\Graphics\Size2D.hpp">
      <Filter>inc\CUL\Graphics</Filter>
    </ClInclude>
    <ClInclude Include="inc\CUL\Graphics\Size3DDMutexed.hpp">
      <Filter>inc\CUL\Graphics</Filter>
    </ClInclude>
    <ClInclude Include="inc\CUL\Filesystem\FileFactory.hpp">
      <Filter>inc\CUL\Filesystem</Filter>
    </ClInclude>
    <ClInclude Include="inc\CUL\Filesystem\FS.hpp">
      <Filter>inc\CUL\Filesystem</Filter>
    </ClInclude>
    <ClInclude Include="inc\CUL\Filesystem\IFile.hpp">
      <Filter>inc\CUL\Filesystem</Filter>
    </ClInclude>
    <ClInclude Include="inc\CUL\Filesystem\Path.hpp">
      <Filter>inc\CUL\Filesystem</Filter>
    </ClInclude>
    <ClInclude Include="inc\CUL\STL_IMPORTS\STD_algorithm.hpp">
      <Filter>inc\CUL\STL_IMPORTS</Filter>
    </ClInclude>
    <ClInclude Include="inc\CUL\STL_IMPORTS\STD_array.hpp">
      <Filter>inc\CUL\STL_IMPORTS</Filter>
    </ClInclude>
    <ClInclude Include="inc\CUL\STL_IMPORTS\STD_atomic.hpp">
      <Filter>inc\CUL\STL_IMPORTS</Filter>
    </ClInclude>
    <ClInclude Include="inc\CUL\STL_IMPORTS\STD_clocale.hpp">
      <Filter>inc\CUL\STL_IMPORTS</Filter>
    </ClInclude>
    <ClInclude Include="inc\CUL\STL_IMPORTS\STD_cmath.hpp">
      <Filter>inc\CUL\STL_IMPORTS</Filter>
    </ClInclude>
    <ClInclude Include="inc\CUL\STL_IMPORTS\STD_cstdint.hpp">
      <Filter>inc\CUL\STL_IMPORTS</Filter>
    </ClInclude>
    <ClInclude Include="inc\CUL\STL_IMPORTS\STD_cstdlib.hpp">
      <Filter>inc\CUL\STL_IMPORTS</Filter>
    </ClInclude>
    <ClInclude Include="inc\CUL\STL_IMPORTS\STD_cstring.hpp">
      <Filter>inc\CUL\STL_IMPORTS</Filter>
    </ClInclude>
    <ClInclude Include="inc\CUL\STL_IMPORTS\STD_filesystem.hpp">
      <Filter>inc\CUL\STL_IMPORTS</Filter>
    </ClInclude>
    <ClInclude Include="inc\CUL\STL_IMPORTS\STD_fstream.hpp">
      <Filter>inc\CUL\STL_IMPORTS</Filter>
    </ClInclude>
    <ClInclude Include="inc\CUL\STL_IMPORTS\STD_functional.hpp">
      <Filter>inc\CUL\STL_IMPORTS</Filter>
    </ClInclude>
    <ClInclude Include="inc\CUL\STL_IMPORTS\STD_iomanip.hpp">
      <Filter>inc\CUL\STL_IMPORTS</Filter>
    </ClInclude>
    <ClInclude Include="inc\CUL\STL_IMPORTS\STD_iostream.hpp">
      <Filter>inc\CUL\STL_IMPORTS</Filter>
    </ClInclude>
    <ClInclude Include="inc\CUL\STL_IMPORTS\STD_map.hpp">
      <Filter>inc\CUL\STL_IMPORTS</Filter>
    </ClInclude>
    <ClInclude Include="inc\CUL\STL_IMPORTS\STD_memory.hpp">
      <Filter>inc\CUL\STL_IMPORTS</Filter>
    </ClInclude>
    <ClInclude Include="inc\CUL\STL_IMPORTS\STD_mutex.hpp">
      <Filter>inc\CUL\STL_IMPORTS</Filter>
    </ClInclude>
    <ClInclude Include="inc\CUL\STL_IMPORTS\STD_queue.hpp">
      <Filter>inc\CUL\STL_IMPORTS</Filter>
    </ClInclude>
    <ClInclude Include="inc\CUL\STL_IMPORTS\STD_set.hpp">
      <Filter>inc\CUL\STL_IMPORTS</Filter>
    </ClInclude>
    <ClInclude Include="inc\CUL\STL_IMPORTS\STD_sstream.hpp">
      <Filter>inc\CUL\STL_IMPORTS</Filter>
    </ClInclude>
    <ClInclude Include="inc\CUL\STL_IMPORTS\STD_stack.hpp">
      <Filter>inc\CUL\STL_IMPORTS</Filter>
    </ClInclude>
    <ClInclude Include="inc\CUL\STL_IMPORTS\STD_stddef.hpp">
      <Filter>inc\CUL\STL_IMPORTS</Filter>
    </ClInclude>
    <ClInclude Include="inc\CUL\STL_IMPORTS\STD_string.hpp">
      <Filter>inc\CUL\STL_IMPORTS</Filter>
    </ClInclude>
    <ClInclude Include="inc\CUL\STL_IMPORTS\STD_thread.hpp">
      <Filter>inc\CUL\STL_IMPORTS</Filter>
    </ClInclude>
    <ClInclude Include="inc\CUL\STL_IMPORTS\STD_type_traits.hpp">
      <Filter>inc\CUL\STL_IMPORTS</Filter>
    </ClInclude>
    <ClInclude Include="inc\CUL\STL_IMPORTS\STD_utility.hpp">
      <Filter>inc\CUL\STL_IMPORTS</Filter>
    </ClInclude>
    <ClInclude Include="inc\CUL\STL_IMPORTS\STD_variant.hpp">
      <Filter>inc\CUL\STL_IMPORTS</Filter>
    </ClInclude>
    <ClInclude Include="inc\CUL\STL_IMPORTS\STD_vector.hpp">
      <Filter>inc\CUL\STL_IMPORTS</Filter>
    </ClInclude>
    <ClInclude Include="inc\CUL\GenericUtils\ConsoleUtilities.hpp">
      <Filter>inc\CUL\GenericUtils</Filter>
    </ClInclude>
    <ClInclude Include="inc\CUL\GenericUtils\DisableErros.hpp">
      <Filter>inc\CUL\GenericUtils</Filter>
    </ClInclude>
    <ClInclude Include="inc\CUL\GenericUtils\DumbPtr.hpp">
      <Filter>inc\CUL\GenericUtils</Filter>
    </ClInclude>
    <ClInclude Include="inc\CUL\GenericUtils\IArgumentsPair.hpp">
      <Filter>inc\CUL\GenericUtils</Filter>
    </ClInclude>
    <ClInclude Include="inc\CUL\GenericUtils\ITask.hpp">
      <Filter>inc\CUL\GenericUtils</Filter>
    </ClInclude>
    <ClInclude Include="inc\CUL\GenericUtils\LckPrim.hpp">
      <Filter>inc\CUL\GenericUtils</Filter>
    </ClInclude>
    <ClInclude Include="inc\CUL\GenericUtils\SimpleAssert.hpp">
      <Filter>inc\CUL\GenericUtils</Filter>
    </ClInclude>
    <ClInclude Include="src\JSON\INodeImpl.hpp">
      <Filter>src\JSON</Filter>
    </ClInclude>
    <ClInclude Include="inc\CUL\STL_IMPORTS\STD_typeinfo.hpp">
      <Filter>inc\CUL\STL_IMPORTS</Filter>
    </ClInclude>
  </ItemGroup>
  <ItemGroup>
    <None Include="libcul-v141.ruleset" />
    <None Include="Makefile" />
  </ItemGroup>
</Project>