<?xml version="1.0" encoding="utf-8"?>
<Project ToolsVersion="4.0" xmlns="http://schemas.microsoft.com/developer/msbuild/2003">
  <ItemGroup>
    <Filter Include="Source Files">
      <UniqueIdentifier>{4FC737F1-C7A5-4376-A066-2A32D752A2FF}</UniqueIdentifier>
      <Extensions>cpp;c;cc;cxx;def;odl;idl;hpj;bat;asm;asmx</Extensions>
    </Filter>
    <Filter Include="Header Files">
      <UniqueIdentifier>{93995380-89BD-4b04-88EB-625FBE52EBFB}</UniqueIdentifier>
      <Extensions>h;hh;hpp;hxx;hm;inl;inc;xsd</Extensions>
    </Filter>
    <Filter Include="Resource Files">
      <UniqueIdentifier>{67DA6AB6-F800-4c08-8B7A-83BB121AAD01}</UniqueIdentifier>
      <Extensions>rc;ico;cur;bmp;dlg;rc2;rct;bin;rgs;gif;jpg;jpeg;jpe;resx;tiff;tif;png;wav;mfcribbon-ms</Extensions>
    </Filter>
    <Filter Include="Header Files\Math">
      <UniqueIdentifier>{2f459a17-021d-4c92-95f3-421a1a266f95}</UniqueIdentifier>
    </Filter>
    <Filter Include="Header Files\JSON">
      <UniqueIdentifier>{f07b4290-d409-4436-bdbb-2aa01628839d}</UniqueIdentifier>
    </Filter>
    <Filter Include="Source Files\JSON">
      <UniqueIdentifier>{df4e57d1-8fdd-42d4-b50e-a61d70bbd120}</UniqueIdentifier>
    </Filter>
    <Filter Include="Source Files\String">
      <UniqueIdentifier>{420fe99b-42e4-4fac-9e6c-4b2f73d0b1c1}</UniqueIdentifier>
    </Filter>
    <Filter Include="Header Files\Video">
      <UniqueIdentifier>{0312cd81-90dc-4b39-8d0d-dd3a58987c29}</UniqueIdentifier>
    </Filter>
    <Filter Include="Source Files\Video">
      <UniqueIdentifier>{41b35e6b-4202-41f5-bbba-407c169e35b0}</UniqueIdentifier>
    </Filter>
    <Filter Include="Header Files\Network">
      <UniqueIdentifier>{4b6d07b0-cb6c-405e-bf44-7136164ed8de}</UniqueIdentifier>
    </Filter>
    <Filter Include="Header Files\List">
      <UniqueIdentifier>{750a461e-806f-481b-aeeb-d58aa4d9b669}</UniqueIdentifier>
    </Filter>
    <Filter Include="Source Files\Math">
      <UniqueIdentifier>{747334ba-95bc-42f7-860c-45b17d87c5b6}</UniqueIdentifier>
    </Filter>
    <Filter Include="Header Files\OSUtils">
      <UniqueIdentifier>{e1c17da4-6e72-4912-ba61-cc5885a7155d}</UniqueIdentifier>
    </Filter>
    <Filter Include="Source Files\OSUtils">
      <UniqueIdentifier>{9dc2926b-119b-4760-8858-1d668cbad5c5}</UniqueIdentifier>
    </Filter>
    <Filter Include="Header Files\Windows">
      <UniqueIdentifier>{d2846ce9-1cac-4c33-b77a-c34ba1e3eff9}</UniqueIdentifier>
    </Filter>
    <Filter Include="Header Files\Graphics">
      <UniqueIdentifier>{b861772f-3b6c-420a-8f17-2cf4283ebc5b}</UniqueIdentifier>
    </Filter>
    <Filter Include="Source Files\Graphics">
      <UniqueIdentifier>{ddc8c93b-486a-4393-bac4-cec42faae1a0}</UniqueIdentifier>
    </Filter>
    <Filter Include="Header Files\Filesystem">
      <UniqueIdentifier>{766d2eaa-5e8b-406f-8bd6-f378b9bb6332}</UniqueIdentifier>
    </Filter>
    <Filter Include="Source Files\Filesystem">
      <UniqueIdentifier>{be7975c3-6495-4004-811a-84d9ee675fb2}</UniqueIdentifier>
    </Filter>
    <Filter Include="Header Files\Log">
      <UniqueIdentifier>{f6717706-c33e-4d2b-8bc7-6b3be3b2bb14}</UniqueIdentifier>
    </Filter>
    <Filter Include="Source Files\Log">
      <UniqueIdentifier>{b48ad60e-6508-44ab-af7d-d041a30c6125}</UniqueIdentifier>
    </Filter>
    <Filter Include="Header Files\GenericUtils">
      <UniqueIdentifier>{6d5be33d-78fa-43c6-9193-c4486639bfc9}</UniqueIdentifier>
    </Filter>
    <Filter Include="Header Files\STL_IMPORTS">
      <UniqueIdentifier>{e2ac84e8-2d93-4e1f-946b-bf0d88ca07a6}</UniqueIdentifier>
    </Filter>
    <Filter Include="Source Files\GenericUtils">
      <UniqueIdentifier>{6bd2e28f-e815-40cd-95ab-44bce22949ba}</UniqueIdentifier>
    </Filter>
  </ItemGroup>
  <ItemGroup>
    <ClCompile Include="src\Named.cpp">
      <Filter>Source Files</Filter>
    </ClCompile>
    <ClCompile Include="src\ITime.cpp">
      <Filter>Source Files</Filter>
    </ClCompile>
    <ClCompile Include="src\ITimer.cpp">
      <Filter>Source Files</Filter>
    </ClCompile>
    <ClCompile Include="src\TimerChrono.cpp">
      <Filter>Source Files</Filter>
    </ClCompile>
    <ClCompile Include="src\TimeConcrete.cpp">
      <Filter>Source Files</Filter>
    </ClCompile>
    <ClCompile Include="src\FileCompileTest.cpp">
      <Filter>Source Files</Filter>
    </ClCompile>
    <ClCompile Include="src\IPivot.cpp">
      <Filter>Source Files</Filter>
    </ClCompile>
    <ClCompile Include="src\Frustum.cpp">
      <Filter>Source Files</Filter>
    </ClCompile>
    <ClCompile Include="src\Line.cpp">
      <Filter>Source Files</Filter>
    </ClCompile>
    <ClCompile Include="src\Color.cpp">
      <Filter>Source Files</Filter>
    </ClCompile>
    <ClCompile Include="src\SimpleAssert.cpp">
      <Filter>Source Files</Filter>
    </ClCompile>
    <ClCompile Include="src\CSVFile.cpp">
      <Filter>Source Files</Filter>
    </ClCompile>
    <ClCompile Include="src\Quaternion.cpp">
      <Filter>Source Files</Filter>
    </ClCompile>
    <ClCompile Include="src\ICSVFile.cpp">
      <Filter>Source Files</Filter>
    </ClCompile>
    <ClCompile Include="src\IName.cpp">
      <Filter>Source Files</Filter>
    </ClCompile>
    <ClCompile Include="src\ThreadUtilityWindows.cpp">
      <Filter>Source Files</Filter>
    </ClCompile>
    <ClCompile Include="src\ThreadUtilityDummy.cpp">
      <Filter>Source Files</Filter>
    </ClCompile>
    <ClCompile Include="src\JSON\Object.cpp">
      <Filter>Source Files\JSON</Filter>
    </ClCompile>
    <ClCompile Include="src\JSON\INode.cpp">
      <Filter>Source Files\JSON</Filter>
    </ClCompile>
    <ClCompile Include="src\JSON\DataPair.cpp">
      <Filter>Source Files\JSON</Filter>
    </ClCompile>
    <ClCompile Include="src\JSON\Array.cpp">
      <Filter>Source Files\JSON</Filter>
    </ClCompile>
    <ClCompile Include="src\JSON\JSONFileConcrete.cpp">
      <Filter>Source Files\JSON</Filter>
    </ClCompile>
    <ClCompile Include="src\Video\FPSCounterConcrete.cpp">
      <Filter>Source Files\Video</Filter>
    </ClCompile>
    <ClCompile Include="src\Video\IFPSCounter.cpp">
      <Filter>Source Files\Video</Filter>
    </ClCompile>
    <ClCompile Include="src\Math\Axis.cpp">
      <Filter>Source Files\Math</Filter>
    </ClCompile>
    <ClCompile Include="src\OSUtils\ISystemFonts.cpp">
      <Filter>Source Files\OSUtils</Filter>
    </ClCompile>
    <ClCompile Include="src\OSUtils\SystemFontsWindows.cpp">
      <Filter>Source Files\OSUtils</Filter>
    </ClCompile>
    <ClCompile Include="src\Graphics\ITexture.cpp">
      <Filter>Source Files\Graphics</Filter>
    </ClCompile>
    <ClCompile Include="src\Graphics\IObject.cpp">
      <Filter>Source Files\Graphics</Filter>
    </ClCompile>
    <ClCompile Include="src\Graphics\RawImageConcrete.cpp">
      <Filter>Source Files\Graphics</Filter>
    </ClCompile>
    <ClCompile Include="src\Math\IAngle.cpp">
      <Filter>Source Files\Math</Filter>
    </ClCompile>
    <ClCompile Include="src\Math\TriangleRectangularSimple2D.cpp">
      <Filter>Source Files\Math</Filter>
    </ClCompile>
    <ClCompile Include="src\Math\Math.cpp">
      <Filter>Source Files\Math</Filter>
    </ClCompile>
    <ClCompile Include="src\Graphics\IPosition3DD.cpp">
      <Filter>Source Files\Graphics</Filter>
    </ClCompile>
    <ClCompile Include="src\Graphics\Position3DDMutexed.cpp">
      <Filter>Source Files\Graphics</Filter>
    </ClCompile>
    <ClCompile Include="src\ThreadUtils.cpp">
      <Filter>Source Files</Filter>
    </ClCompile>
    <ClCompile Include="src\Video\IFPSObservable.cpp">
      <Filter>Source Files\Video</Filter>
    </ClCompile>
    <ClCompile Include="src\Filesystem\FileFactory.cpp">
      <Filter>Source Files\Filesystem</Filter>
    </ClCompile>
    <ClCompile Include="src\Filesystem\FileRegularImpl.cpp">
      <Filter>Source Files\Filesystem</Filter>
    </ClCompile>
    <ClCompile Include="src\Filesystem\FS.cpp">
      <Filter>Source Files\Filesystem</Filter>
    </ClCompile>
    <ClCompile Include="src\Filesystem\IFile.cpp">
      <Filter>Source Files\Filesystem</Filter>
    </ClCompile>
    <ClCompile Include="src\Filesystem\Path.cpp">
      <Filter>Source Files\Filesystem</Filter>
    </ClCompile>
    <ClCompile Include="src\Graphics\Position3DDMutexedImpl.cpp">
      <Filter>Source Files\Graphics</Filter>
    </ClCompile>
    <ClCompile Include="src\Log\ILogger.cpp">
      <Filter>Source Files\Log</Filter>
    </ClCompile>
    <ClCompile Include="src\STD_chrono.hpp">
      <Filter>Source Files</Filter>
    </ClCompile>
    <ClCompile Include="src\Log\LoggerSimpleStandardOutput.cpp">
      <Filter>Source Files\Log</Filter>
    </ClCompile>
    <ClCompile Include="src\Log\ILogContainer.cpp">
      <Filter>Source Files\Log</Filter>
    </ClCompile>
    <ClCompile Include="src\Filesystem\FSUtils.cpp">
      <Filter>Source Files\Filesystem</Filter>
    </ClCompile>
    <ClCompile Include="src\GenericUtils\ArgumentsPairConcrete.cpp">
      <Filter>Source Files\GenericUtils</Filter>
    </ClCompile>
    <ClCompile Include="src\GenericUtils\ConsoleUtilities.cpp">
      <Filter>Source Files\GenericUtils</Filter>
    </ClCompile>
    <ClCompile Include="src\GenericUtils\IArgumentsPair.cpp">
      <Filter>Source Files\GenericUtils</Filter>
    </ClCompile>
    <ClCompile Include="src\String\String.cpp">
      <Filter>Source Files\String</Filter>
    </ClCompile>
    <ClCompile Include="src\String\StringImpl.cpp">
      <Filter>Source Files\String</Filter>
    </ClCompile>
    <ClCompile Include="src\Graphics\DevilImageLoader.cpp">
      <Filter>Source Files\Graphics</Filter>
    </ClCompile>
    <ClCompile Include="src\Graphics\IImageLoader.cpp">
      <Filter>Source Files\Graphics</Filter>
    </ClCompile>
    <ClCompile Include="src\Graphics\Size3DDMutexed.cpp">
      <Filter>Source Files\Graphics</Filter>
    </ClCompile>
    <ClCompile Include="src\Graphics\Size3DDMutexedImpl.cpp">
      <Filter>Source Files\Graphics</Filter>
    </ClCompile>
    <ClCompile Include="src\Graphics\ImageDevil.cpp">
      <Filter>Source Files\Graphics</Filter>
    </ClCompile>
    <ClCompile Include="src\Graphics\IImage.cpp">
      <Filter>Source Files\Graphics</Filter>
    </ClCompile>
  </ItemGroup>
  <ItemGroup>
    <ClInclude Include="src\TimerChrono.hpp">
      <Filter>Source Files</Filter>
    </ClInclude>
    <ClInclude Include="src\TimeConcrete.hpp">
      <Filter>Source Files</Filter>
    </ClInclude>
    <ClInclude Include="inc\CUL\Math\Axis.hpp">
      <Filter>Header Files\Math</Filter>
    </ClInclude>
    <ClInclude Include="inc\CUL\Math\Epsilon.hpp">
      <Filter>Header Files\Math</Filter>
    </ClInclude>
    <ClInclude Include="inc\CUL\Math\Frustum.hpp">
      <Filter>Header Files\Math</Filter>
    </ClInclude>
    <ClInclude Include="inc\CUL\Math\Line.hpp">
      <Filter>Header Files\Math</Filter>
    </ClInclude>
    <ClInclude Include="inc\CUL\Math\Math.hpp">
      <Filter>Header Files\Math</Filter>
    </ClInclude>
    <ClInclude Include="inc\CUL\Math\Matrix2D.hpp">
      <Filter>Header Files\Math</Filter>
    </ClInclude>
    <ClInclude Include="inc\CUL\Math\MultiPoint.hpp">
      <Filter>Header Files\Math</Filter>
    </ClInclude>
    <ClInclude Include="inc\CUL\Math\Quaternion.hpp">
      <Filter>Header Files\Math</Filter>
    </ClInclude>
    <ClInclude Include="inc\CUL\Math\SquareMatrix2D.hpp">
      <Filter>Header Files\Math</Filter>
    </ClInclude>
    <ClInclude Include="inc\CUL\Math\Vector3D.hpp">
      <Filter>Header Files\Math</Filter>
    </ClInclude>
    <ClInclude Include="inc\CUL\Math\IPivot.hpp">
      <Filter>Header Files\Math</Filter>
    </ClInclude>
    <ClInclude Include="inc\CUL\Math\IPivotObserver.hpp">
      <Filter>Header Files\Math</Filter>
    </ClInclude>
    <ClInclude Include="src\STDCodecvt.hpp">
      <Filter>Source Files</Filter>
    </ClInclude>
    <ClInclude Include="src\ThreadUtilityWindows.hpp">
      <Filter>Source Files</Filter>
    </ClInclude>
    <ClInclude Include="src\ThreadUtilityDummy.hpp">
      <Filter>Source Files</Filter>
    </ClInclude>
    <ClInclude Include="inc\CUL\Math\PosTable.hpp">
      <Filter>Header Files\Math</Filter>
    </ClInclude>
    <ClInclude Include="src\CSVFile.hpp">
      <Filter>Source Files</Filter>
    </ClInclude>
    <ClInclude Include="inc\CUL\JSON\IJSON.hpp">
      <Filter>Header Files\JSON</Filter>
    </ClInclude>
    <ClInclude Include="inc\CUL\JSON\INode.hpp">
      <Filter>Header Files\JSON</Filter>
    </ClInclude>
    <ClInclude Include="inc\CUL\JSON\Object.hpp">
      <Filter>Header Files\JSON</Filter>
    </ClInclude>
    <ClInclude Include="inc\CUL\JSON\DataPair.hpp">
      <Filter>Header Files\JSON</Filter>
    </ClInclude>
    <ClInclude Include="inc\CUL\JSON\Array.hpp">
      <Filter>Header Files\JSON</Filter>
    </ClInclude>
    <ClInclude Include="inc\CUL\JSON\IJSONFile.hpp">
      <Filter>Header Files\JSON</Filter>
    </ClInclude>
    <ClInclude Include="src\JSON\JSONFileConcrete.hpp">
      <Filter>Source Files\JSON</Filter>
    </ClInclude>
    <ClInclude Include="inc\CUL\JSON\IParent.hpp">
      <Filter>Source Files\JSON</Filter>
    </ClInclude>
    <ClInclude Include="inc\CUL\Video\IFPSCounter.hpp">
      <Filter>Header Files\Video</Filter>
    </ClInclude>
    <ClInclude Include="src\Video\FPSCounterConcrete.hpp">
      <Filter>Source Files\Video</Filter>
    </ClInclude>
    <ClInclude Include="inc\CUL\Network\IHttpRequest.hpp">
      <Filter>Header Files\Network</Filter>
    </ClInclude>
    <ClInclude Include="inc\CUL\List\IList.hpp">
      <Filter>Header Files\List</Filter>
    </ClInclude>
    <ClInclude Include="inc\CUL\Math\Triangle.hpp">
      <Filter>Header Files\Math</Filter>
    </ClInclude>
    <ClInclude Include="inc\CUL\OSUtils\ISystemFonts.hpp">
      <Filter>Header Files\OSUtils</Filter>
    </ClInclude>
    <ClInclude Include="src\OSUtils\SystemFontsWindows.hpp">
      <Filter>Source Files\OSUtils</Filter>
    </ClInclude>
    <ClInclude Include="inc\CUL\Windows\INCLUDE_dwrite.hpp">
      <Filter>Header Files\Windows</Filter>
    </ClInclude>
    <ClInclude Include="src\Graphics\RawImageConcrete.hpp">
      <Filter>Source Files\Graphics</Filter>
    </ClInclude>
    <ClInclude Include="src\Graphics\IMPORT_Devil.hpp">
      <Filter>Source Files\Graphics</Filter>
    </ClInclude>
    <ClInclude Include="inc\CUL\Math\RotationType.hpp">
      <Filter>Header Files\Math</Filter>
    </ClInclude>
    <ClInclude Include="inc\CUL\Math\Angle.hpp">
      <Filter>Header Files\Math</Filter>
    </ClInclude>
    <ClInclude Include="inc\CUL\Math\TriangleRectangularSimple2D.hpp">
      <Filter>Header Files\Math</Filter>
    </ClInclude>
    <ClInclude Include="inc\CUL\Video\IFPSObservable.hpp">
      <Filter>Header Files\Video</Filter>
    </ClInclude>
    <ClInclude Include="inc\CUL\Filesystem\FileFactory.hpp">
      <Filter>Header Files\Filesystem</Filter>
    </ClInclude>
    <ClInclude Include="inc\CUL\Filesystem\FS.hpp">
      <Filter>Header Files\Filesystem</Filter>
    </ClInclude>
    <ClInclude Include="inc\CUL\Filesystem\IFile.hpp">
      <Filter>Header Files\Filesystem</Filter>
    </ClInclude>
    <ClInclude Include="inc\CUL\Filesystem\Path.hpp">
      <Filter>Header Files\Filesystem</Filter>
    </ClInclude>
    <ClInclude Include="src\Filesystem\FileRegularImpl.hpp">
      <Filter>Source Files\Filesystem</Filter>
    </ClInclude>
    <ClInclude Include="src\Graphics\Position3DDMutexedImpl.hpp">
      <Filter>Source Files\Graphics</Filter>
    </ClInclude>
    <ClInclude Include="inc\CUL\Log\ILogger.hpp">
      <Filter>Header Files\Log</Filter>
    </ClInclude>
    <ClInclude Include="src\IMPORT_boost_assert.hpp">
      <Filter>Source Files</Filter>
    </ClInclude>
    <ClInclude Include="src\Log\IMPORT_spdlog.hpp">
      <Filter>Source Files\Log</Filter>
    </ClInclude>
    <ClInclude Include="src\Log\LoggerSimpleStandardOutput.hpp">
      <Filter>Source Files\Log</Filter>
    </ClInclude>
    <ClInclude Include="inc\CUL\Log\ILogContainer.hpp">
      <Filter>Header Files\Log</Filter>
    </ClInclude>
    <ClInclude Include="inc\CUL\GenericUtils\DumbPtr.hpp">
      <Filter>Header Files\GenericUtils</Filter>
    </ClInclude>
    <ClInclude Include="inc\CUL\GenericUtils\ITask.hpp">
      <Filter>Header Files\GenericUtils</Filter>
    </ClInclude>
    <ClInclude Include="inc\CUL\STL_IMPORTS\STD_algorithm.hpp">
      <Filter>Header Files\STL_IMPORTS</Filter>
    </ClInclude>
    <ClInclude Include="inc\CUL\STL_IMPORTS\STD_array.hpp">
      <Filter>Header Files\STL_IMPORTS</Filter>
    </ClInclude>
    <ClInclude Include="inc\CUL\STL_IMPORTS\STD_atomic.hpp">
      <Filter>Header Files\STL_IMPORTS</Filter>
    </ClInclude>
    <ClInclude Include="inc\CUL\STL_IMPORTS\STD_cmath.hpp">
      <Filter>Header Files\STL_IMPORTS</Filter>
    </ClInclude>
    <ClInclude Include="inc\CUL\STL_IMPORTS\STD_cstdint.hpp">
      <Filter>Header Files\STL_IMPORTS</Filter>
    </ClInclude>
    <ClInclude Include="inc\CUL\STL_IMPORTS\STD_cstring.hpp">
      <Filter>Header Files\STL_IMPORTS</Filter>
    </ClInclude>
    <ClInclude Include="inc\CUL\STL_IMPORTS\STD_filesystem.hpp">
      <Filter>Header Files\STL_IMPORTS</Filter>
    </ClInclude>
    <ClInclude Include="inc\CUL\STL_IMPORTS\STD_fstream.hpp">
      <Filter>Header Files\STL_IMPORTS</Filter>
    </ClInclude>
    <ClInclude Include="inc\CUL\STL_IMPORTS\STD_functional.hpp">
      <Filter>Header Files\STL_IMPORTS</Filter>
    </ClInclude>
    <ClInclude Include="inc\CUL\STL_IMPORTS\STD_iomanip.hpp">
      <Filter>Header Files\STL_IMPORTS</Filter>
    </ClInclude>
    <ClInclude Include="inc\CUL\STL_IMPORTS\STD_iostream.hpp">
      <Filter>Header Files\STL_IMPORTS</Filter>
    </ClInclude>
    <ClInclude Include="inc\CUL\STL_IMPORTS\STD_map.hpp">
      <Filter>Header Files\STL_IMPORTS</Filter>
    </ClInclude>
    <ClInclude Include="inc\CUL\STL_IMPORTS\STD_memory.hpp">
      <Filter>Header Files\STL_IMPORTS</Filter>
    </ClInclude>
    <ClInclude Include="inc\CUL\STL_IMPORTS\STD_mutex.hpp">
      <Filter>Header Files\STL_IMPORTS</Filter>
    </ClInclude>
    <ClInclude Include="inc\CUL\STL_IMPORTS\STD_queue.hpp">
      <Filter>Header Files\STL_IMPORTS</Filter>
    </ClInclude>
    <ClInclude Include="inc\CUL\STL_IMPORTS\STD_set.hpp">
      <Filter>Header Files\STL_IMPORTS</Filter>
    </ClInclude>
    <ClInclude Include="inc\CUL\STL_IMPORTS\STD_stack.hpp">
      <Filter>Header Files\STL_IMPORTS</Filter>
    </ClInclude>
    <ClInclude Include="inc\CUL\STL_IMPORTS\STD_string.hpp">
      <Filter>Header Files\STL_IMPORTS</Filter>
    </ClInclude>
    <ClInclude Include="inc\CUL\STL_IMPORTS\STD_thread.hpp">
      <Filter>Header Files\STL_IMPORTS</Filter>
    </ClInclude>
    <ClInclude Include="inc\CUL\STL_IMPORTS\STD_type_traits.hpp">
      <Filter>Header Files\STL_IMPORTS</Filter>
    </ClInclude>
    <ClInclude Include="inc\CUL\STL_IMPORTS\STD_vector.hpp">
      <Filter>Header Files\STL_IMPORTS</Filter>
    </ClInclude>
    <ClInclude Include="inc\CUL\Graphics\SimplePos3D.hpp">
      <Filter>Header Files\Math</Filter>
    </ClInclude>
    <ClInclude Include="inc\CUL\GenericUtils\SimpleAssert.hpp">
      <Filter>Header Files\GenericUtils</Filter>
    </ClInclude>
    <ClInclude Include="inc\CUL\GenericUtils\DisableErros.hpp">
      <Filter>Header Files\GenericUtils</Filter>
    </ClInclude>
    <ClInclude Include="src\JSON\ImportRapidJSON.hpp">
      <Filter>Source Files\JSON</Filter>
    </ClInclude>
    <ClInclude Include="inc\CUL\Graphics\Color.hpp">
      <Filter>Header Files</Filter>
    </ClInclude>
    <ClInclude Include="inc\CUL\CUL.hpp">
      <Filter>Header Files</Filter>
    </ClInclude>
    <ClInclude Include="inc\CUL\ICSVFile.hpp">
      <Filter>Header Files</Filter>
    </ClInclude>
    <ClInclude Include="inc\CUL\IName.hpp">
      <Filter>Header Files</Filter>
    </ClInclude>
    <ClInclude Include="inc\CUL\Iterator.hpp">
      <Filter>Header Files</Filter>
    </ClInclude>
    <ClInclude Include="inc\CUL\ITime.hpp">
      <Filter>Header Files</Filter>
    </ClInclude>
    <ClInclude Include="inc\CUL\ITimer.hpp">
      <Filter>Header Files</Filter>
    </ClInclude>
    <ClInclude Include="inc\CUL\Named.hpp">
      <Filter>Header Files</Filter>
    </ClInclude>
    <ClInclude Include="inc\CUL\ThreadUtils.hpp">
      <Filter>Header Files</Filter>
    </ClInclude>
    <ClInclude Include="inc\CUL\ThreadWrap.hpp">
      <Filter>Header Files</Filter>
    </ClInclude>
    <ClInclude Include="inc\CUL\UselessMacros.hpp">
      <Filter>Header Files</Filter>
    </ClInclude>
    <ClInclude Include="src\Filesystem\FSUtils.hpp">
      <Filter>Source Files\Filesystem</Filter>
    </ClInclude>
    <ClInclude Include="inc\CUL\Graphics\IImage.hpp">
      <Filter>Header Files\Graphics</Filter>
    </ClInclude>
    <ClInclude Include="inc\CUL\Graphics\IObject.hpp">
      <Filter>Header Files\Graphics</Filter>
    </ClInclude>
    <ClInclude Include="inc\CUL\Graphics\IObjectRegister.hpp">
      <Filter>Header Files\Graphics</Filter>
    </ClInclude>
    <ClInclude Include="inc\CUL\Graphics\IPosition3DD.hpp">
      <Filter>Header Files\Graphics</Filter>
    </ClInclude>
    <ClInclude Include="inc\CUL\Graphics\IRawImage.hpp">
      <Filter>Header Files\Graphics</Filter>
    </ClInclude>
    <ClInclude Include="inc\CUL\Graphics\ISize3DD.hpp">
      <Filter>Header Files\Graphics</Filter>
    </ClInclude>
    <ClInclude Include="inc\CUL\Graphics\ITexture.hpp">
      <Filter>Header Files\Graphics</Filter>
    </ClInclude>
    <ClInclude Include="inc\CUL\Graphics\Pos2D.hpp">
      <Filter>Header Files\Graphics</Filter>
    </ClInclude>
    <ClInclude Include="inc\CUL\Graphics\Position3DDMutexed.hpp">
      <Filter>Header Files\Graphics</Filter>
    </ClInclude>
    <ClInclude Include="inc\CUL\Graphics\Rect2D.hpp">
      <Filter>Header Files\Graphics</Filter>
    </ClInclude>
    <ClInclude Include="inc\CUL\Graphics\SimpleSize2D.hpp">
      <Filter>Header Files\Graphics</Filter>
    </ClInclude>
    <ClInclude Include="inc\CUL\Graphics\SimpleSize3D.hpp">
      <Filter>Header Files\Graphics</Filter>
    </ClInclude>
    <ClInclude Include="inc\CUL\Graphics\Size2D.hpp">
      <Filter>Header Files\Graphics</Filter>
    </ClInclude>
    <ClInclude Include="inc\CUL\Graphics\Size3DDMutexed.hpp">
      <Filter>Header Files\Graphics</Filter>
    </ClInclude>
    <ClInclude Include="inc\CUL\GenericUtils\ConsoleUtilities.hpp">
      <Filter>Header Files\GenericUtils</Filter>
    </ClInclude>
    <ClInclude Include="inc\CUL\GenericUtils\IArgumentsPair.hpp">
      <Filter>Header Files\GenericUtils</Filter>
    </ClInclude>
    <ClInclude Include="src\GenericUtils\ArgumentsPairConcrete.hpp">
      <Filter>Source Files\GenericUtils</Filter>
    </ClInclude>
    <ClInclude Include="inc\CUL\STL_IMPORTS\STD_stddef.hpp">
      <Filter>Header Files\STL_IMPORTS</Filter>
    </ClInclude>
    <ClInclude Include="inc\CUL\STL_IMPORTS\STD_sstream.hpp">
      <Filter>Header Files\STL_IMPORTS</Filter>
    </ClInclude>
    <ClInclude Include="inc\CUL\GenericUtils\LckPrim.hpp">
      <Filter>Header Files\GenericUtils</Filter>
    </ClInclude>
    <ClInclude Include="src\IMPORT_devil.hpp">
      <Filter>Source Files</Filter>
    </ClInclude>
    <ClInclude Include="inc\CUL\String.hpp">
      <Filter>Header Files</Filter>
    </ClInclude>
    <ClInclude Include="src\String\StringImpl.hpp">
      <Filter>Source Files\String</Filter>
    </ClInclude>
    <ClInclude Include="src\Graphics\DevilImageLoader.hpp">
      <Filter>Source Files\Graphics</Filter>
    </ClInclude>
    <ClInclude Include="src\Graphics\Size3DDMutexedImpl.hpp">
      <Filter>Source Files\Graphics</Filter>
    </ClInclude>
    <ClInclude Include="inc\CUL\Graphics\IImageLoader.hpp">
      <Filter>Header Files\Graphics</Filter>
    </ClInclude>
    <ClInclude Include="src\Graphics\ImageDevil.hpp">
      <Filter>Source Files\Graphics</Filter>
    </ClInclude>
    <ClInclude Include="inc\CUL\STL_IMPORTS\STD_utility.hpp">
      <Filter>Header Files\STL_IMPORTS</Filter>
    </ClInclude>
    <ClInclude Include="inc\CUL\Graphics\Pos3D.hpp">
      <Filter>Header Files\Graphics</Filter>
    </ClInclude>
  </ItemGroup>
  <ItemGroup>
    <None Include="..\.git\config" />
    <None Include="Makefile" />
    <None Include="libcul-v141.ruleset" />
  </ItemGroup>
</Project>