<?xml version="1.0" encoding="utf-8"?>
<Project ToolsVersion="4.0" xmlns="http://schemas.microsoft.com/developer/msbuild/2003">
  <ItemGroup>
    <Filter Include="Source Files">
      <UniqueIdentifier>{4FC737F1-C7A5-4376-A066-2A32D752A2FF}</UniqueIdentifier>
      <Extensions>cpp;c;cc;cxx;def;odl;idl;hpj;bat;asm;asmx</Extensions>
    </Filter>
    <Filter Include="Header Files">
      <UniqueIdentifier>{93995380-89BD-4b04-88EB-625FBE52EBFB}</UniqueIdentifier>
      <Extensions>h;hh;hpp;hxx;hm;inl;inc;xsd</Extensions>
    </Filter>
    <Filter Include="Resource Files">
      <UniqueIdentifier>{67DA6AB6-F800-4c08-8B7A-83BB121AAD01}</UniqueIdentifier>
      <Extensions>rc;ico;cur;bmp;dlg;rc2;rct;bin;rgs;gif;jpg;jpeg;jpe;resx;tiff;tif;png;wav;mfcribbon-ms</Extensions>
    </Filter>
    <Filter Include="Header Files\Math">
      <UniqueIdentifier>{2f459a17-021d-4c92-95f3-421a1a266f95}</UniqueIdentifier>
    </Filter>
  </ItemGroup>
  <ItemGroup>
    <ClCompile Include="src\IFile.cpp">
      <Filter>Source Files</Filter>
    </ClCompile>
    <ClCompile Include="src\FileRegularImpl.cpp">
      <Filter>Source Files</Filter>
    </ClCompile>
    <ClCompile Include="src\FS.cpp">
      <Filter>Source Files</Filter>
    </ClCompile>
    <ClCompile Include="src\ConsoleUtilities.cpp">
      <Filter>Source Files</Filter>
    </ClCompile>
    <ClCompile Include="src\MyString.cpp">
      <Filter>Source Files</Filter>
    </ClCompile>
    <ClCompile Include="src\Named.cpp">
      <Filter>Source Files</Filter>
    </ClCompile>
    <ClCompile Include="src\Path.cpp">
      <Filter>Source Files</Filter>
    </ClCompile>
    <ClCompile Include="src\ITime.cpp">
      <Filter>Source Files</Filter>
    </ClCompile>
    <ClCompile Include="src\ITimer.cpp">
      <Filter>Source Files</Filter>
    </ClCompile>
    <ClCompile Include="src\TimerChrono.cpp">
      <Filter>Source Files</Filter>
    </ClCompile>
    <ClCompile Include="src\TimeConcrete.cpp">
      <Filter>Source Files</Filter>
    </ClCompile>
    <ClCompile Include="src\FileCompileTest.cpp">
      <Filter>Source Files</Filter>
    </ClCompile>
    <ClCompile Include="src\IPivot.cpp">
      <Filter>Source Files</Filter>
    </ClCompile>
    <ClCompile Include="src\IAngle.cpp">
      <Filter>Source Files</Filter>
    </ClCompile>
    <ClCompile Include="src\Frustum.cpp">
      <Filter>Source Files</Filter>
    </ClCompile>
    <ClCompile Include="src\Line.cpp">
      <Filter>Source Files</Filter>
    </ClCompile>
    <ClCompile Include="src\Degree.cpp">
      <Filter>Source Files</Filter>
    </ClCompile>
    <ClCompile Include="src\Color.cpp">
      <Filter>Source Files</Filter>
    </ClCompile>
    <ClCompile Include="src\SimpleAssert.cpp">
      <Filter>Source Files</Filter>
    </ClCompile>
    <ClCompile Include="src\CSVFile.cpp">
      <Filter>Source Files</Filter>
    </ClCompile>
  </ItemGroup>
  <ItemGroup>
    <ClInclude Include="src\FileRegularImpl.hpp">
      <Filter>Source Files</Filter>
    </ClInclude>
    <ClInclude Include="src\TimerChrono.hpp">
      <Filter>Source Files</Filter>
    </ClInclude>
    <ClInclude Include="src\TimeConcrete.hpp">
      <Filter>Source Files</Filter>
    </ClInclude>
    <ClInclude Include="inc\CUL\ConsoleUtilities.hpp">
      <Filter>Header Files</Filter>
    </ClInclude>
    <ClInclude Include="inc\CUL\CUL.hpp">
      <Filter>Header Files</Filter>
    </ClInclude>
    <ClInclude Include="inc\CUL\FS.hpp">
      <Filter>Header Files</Filter>
    </ClInclude>
    <ClInclude Include="inc\CUL\IFile.hpp">
      <Filter>Header Files</Filter>
    </ClInclude>
    <ClInclude Include="inc\CUL\ITime.hpp">
      <Filter>Header Files</Filter>
    </ClInclude>
    <ClInclude Include="inc\CUL\ITimer.hpp">
      <Filter>Header Files</Filter>
    </ClInclude>
    <ClInclude Include="inc\CUL\MyString.hpp">
      <Filter>Header Files</Filter>
    </ClInclude>
    <ClInclude Include="inc\CUL\Named.hpp">
      <Filter>Header Files</Filter>
    </ClInclude>
    <ClInclude Include="inc\CUL\Path.hpp">
      <Filter>Header Files</Filter>
    </ClInclude>
    <ClInclude Include="inc\CUL\Math\Axis.hpp">
      <Filter>Header Files\Math</Filter>
    </ClInclude>
    <ClInclude Include="inc\CUL\Math\Epsilon.hpp">
      <Filter>Header Files\Math</Filter>
    </ClInclude>
    <ClInclude Include="inc\CUL\Math\Frustum.hpp">
      <Filter>Header Files\Math</Filter>
    </ClInclude>
    <ClInclude Include="inc\CUL\Math\IVector.hpp">
      <Filter>Header Files\Math</Filter>
    </ClInclude>
    <ClInclude Include="inc\CUL\Math\Line.hpp">
      <Filter>Header Files\Math</Filter>
    </ClInclude>
    <ClInclude Include="inc\CUL\Math\Math.hpp">
      <Filter>Header Files\Math</Filter>
    </ClInclude>
    <ClInclude Include="inc\CUL\Math\Matrix2D.hpp">
      <Filter>Header Files\Math</Filter>
    </ClInclude>
    <ClInclude Include="inc\CUL\Math\MultiPoint.hpp">
      <Filter>Header Files\Math</Filter>
    </ClInclude>
    <ClInclude Include="inc\CUL\Math\MultiPointFactory.hpp">
      <Filter>Header Files\Math</Filter>
    </ClInclude>
    <ClInclude Include="inc\CUL\Math\Quaternion.hpp">
      <Filter>Header Files\Math</Filter>
    </ClInclude>
    <ClInclude Include="inc\CUL\Math\Rectangle.hpp">
      <Filter>Header Files\Math</Filter>
    </ClInclude>
    <ClInclude Include="inc\CUL\Math\Segment.hpp">
      <Filter>Header Files\Math</Filter>
    </ClInclude>
    <ClInclude Include="inc\CUL\Math\SquareMatrix2D.hpp">
      <Filter>Header Files\Math</Filter>
    </ClInclude>
    <ClInclude Include="inc\CUL\Math\Vector3D.hpp">
      <Filter>Header Files\Math</Filter>
    </ClInclude>
    <ClInclude Include="inc\CUL\Math\Vector3DFactory.hpp">
      <Filter>Header Files\Math</Filter>
    </ClInclude>
    <ClInclude Include="inc\CUL\IPivotObserver.hpp">
      <Filter>Header Files</Filter>
    </ClInclude>
    <ClInclude Include="inc\CUL\Math\IAngle.hpp">
      <Filter>Header Files\Math</Filter>
    </ClInclude>
    <ClInclude Include="inc\CUL\LckPrim.hpp">
      <Filter>Header Files</Filter>
    </ClInclude>
    <ClInclude Include="inc\CUL\Math\Degree.hpp">
      <Filter>Header Files\Math</Filter>
    </ClInclude>
    <ClInclude Include="inc\CUL\Math\IPivot.hpp">
      <Filter>Header Files\Math</Filter>
    </ClInclude>
    <ClInclude Include="inc\CUL\Math\IPivotObserver.hpp">
      <Filter>Header Files\Math</Filter>
    </ClInclude>
    <ClInclude Include="inc\CUL\Color.hpp">
      <Filter>Header Files</Filter>
    </ClInclude>
    <ClInclude Include="inc\CUL\SimpleAssert.hpp">
      <Filter>Header Files</Filter>
    </ClInclude>
    <ClInclude Include="inc\CUL\ICSVFile.hpp">
      <Filter>Header Files</Filter>
    </ClInclude>
    <ClInclude Include="src\CSVFile.hpp">
      <Filter>Source Files</Filter>
    </ClInclude>
    <ClInclude Include="inc\CUL\ThreadWrap.hpp">
      <Filter>Header Files</Filter>
    </ClInclude>
  </ItemGroup>
  <ItemGroup>
    <None Include="..\.git\config" />
  </ItemGroup>
</Project>