<?xml version="1.0" encoding="utf-8"?>
<Project ToolsVersion="4.0" xmlns="http://schemas.microsoft.com/developer/msbuild/2003">
  <ItemGroup>
    <Filter Include="libculTests\src">
      <UniqueIdentifier>{59a18e71-b245-4bf7-818c-7038dbfacc2f}</UniqueIdentifier>
    </Filter>
    <Filter Include="libculTests">
      <UniqueIdentifier>{c9f88f49-6df7-4bfa-86ff-ab8fbda7ae68}</UniqueIdentifier>
    </Filter>
    <Filter Include="runDir">
      <UniqueIdentifier>{97122698-d4bc-4554-888a-8495acd3704c}</UniqueIdentifier>
    </Filter>
  </ItemGroup>
  <ItemGroup>
    <ClCompile Include="src\AngleTests.cpp">
      <Filter>libculTests\src</Filter>
    </ClCompile>
    <ClCompile Include="src\CSVFileTests.cpp">
      <Filter>libculTests\src</Filter>
    </ClCompile>
    <ClCompile Include="src\DumbPtrTests.cpp">
      <Filter>libculTests\src</Filter>
    </ClCompile>
    <ClCompile Include="src\FilesystemTests.cpp">
      <Filter>libculTests\src</Filter>
    </ClCompile>
    <ClCompile Include="src\FileTest.cpp">
      <Filter>libculTests\src</Filter>
    </ClCompile>
    <ClCompile Include="src\FrameCounterTests.cpp">
      <Filter>libculTests\src</Filter>
    </ClCompile>
    <ClCompile Include="src\JSONTests.cpp">
      <Filter>libculTests\src</Filter>
    </ClCompile>
    <ClCompile Include="src\LockPrimTests.cpp">
      <Filter>libculTests\src</Filter>
    </ClCompile>
    <ClCompile Include="src\main.cpp">
      <Filter>libculTests\src</Filter>
    </ClCompile>
    <ClCompile Include="src\NameTests.cpp">
      <Filter>libculTests\src</Filter>
    </ClCompile>
    <ClCompile Include="src\OSUtilsTests.cpp">
      <Filter>libculTests\src</Filter>
    </ClCompile>
    <ClCompile Include="src\PivotTests.cpp">
      <Filter>libculTests\src</Filter>
    </ClCompile>
    <ClCompile Include="src\SimpleStandardOutputLoggerTests.cpp">
      <Filter>libculTests\src</Filter>
    </ClCompile>
    <ClCompile Include="src\StringTests.cpp">
      <Filter>libculTests\src</Filter>
    </ClCompile>
    <ClCompile Include="src\TimeTests.cpp">
      <Filter>libculTests\src</Filter>
    </ClCompile>
    <ClCompile Include="src\TriangleTests.cpp">
      <Filter>libculTests\src</Filter>
    </ClCompile>
    <ClCompile Include="src\UtilsTest.cpp">
      <Filter>libculTests\src</Filter>
    </ClCompile>
    <ClCompile Include="src\Vector3DTests.cpp">
      <Filter>libculTests\src</Filter>
    </ClCompile>
  </ItemGroup>
  <ItemGroup>
    <ClInclude Include="src\AngleTests.hpp">
      <Filter>libculTests\src</Filter>
    </ClInclude>
    <ClInclude Include="src\CSVFileTests.hpp">
      <Filter>libculTests\src</Filter>
    </ClInclude>
    <ClInclude Include="src\DumbPtrTests.hpp">
      <Filter>libculTests\src</Filter>
    </ClInclude>
    <ClInclude Include="src\FilesystemTests.hpp">
      <Filter>libculTests\src</Filter>
    </ClInclude>
    <ClInclude Include="src\FileTest.hpp">
      <Filter>libculTests\src</Filter>
    </ClInclude>
    <ClInclude Include="src\FrameCounterTests.hpp">
      <Filter>libculTests\src</Filter>
    </ClInclude>
    <ClInclude Include="src\Gtest.hpp">
      <Filter>libculTests\src</Filter>
    </ClInclude>
    <ClInclude Include="src\JSONTests.hpp">
      <Filter>libculTests\src</Filter>
    </ClInclude>
    <ClInclude Include="src\LockPrimTests.hpp">
      <Filter>libculTests\src</Filter>
    </ClInclude>
    <ClInclude Include="src\NameTests.hpp">
      <Filter>libculTests\src</Filter>
    </ClInclude>
    <ClInclude Include="src\OSUtilsTests.hpp">
      <Filter>libculTests\src</Filter>
    </ClInclude>
    <ClInclude Include="src\PivotTests.hpp">
      <Filter>libculTests\src</Filter>
    </ClInclude>
    <ClInclude Include="src\SimpleStandardOutputLoggerTests.hpp">
      <Filter>libculTests\src</Filter>
    </ClInclude>
    <ClInclude Include="src\StringTest.hpp">
      <Filter>libculTests\src</Filter>
    </ClInclude>
    <ClInclude Include="src\TimeTests.hpp">
      <Filter>libculTests\src</Filter>
    </ClInclude>
    <ClInclude Include="src\TriangleTests.hpp">
      <Filter>libculTests\src</Filter>
    </ClInclude>
    <ClInclude Include="src\UtilsTest.hpp">
      <Filter>libculTests\src</Filter>
    </ClInclude>
    <ClInclude Include="src\Vector3DTests.hpp">
      <Filter>libculTests\src</Filter>
    </ClInclude>
  </ItemGroup>
  <ItemGroup>
    <Xml Include="..\runDir\test_detail.xml">
      <Filter>runDir</Filter>
    </Xml>
  </ItemGroup>
  <ItemGroup>
    <None Include="..\runDir\test.json">
      <Filter>runDir</Filter>
    </None>
    <None Include="Makefile">
      <Filter>libculTests</Filter>
    </None>
  </ItemGroup>
  <ItemGroup>
    <Text Include="..\runDir\Info.txt">
      <Filter>runDir</Filter>
    </Text>
  </ItemGroup>
  <ItemGroup>
    <Image Include="..\runDir\arrowTransparent.png">
      <Filter>runDir</Filter>
    </Image>
  </ItemGroup>
</Project>