<?xml version="1.0" encoding="utf-8"?>
<Project ToolsVersion="4.0" xmlns="http://schemas.microsoft.com/developer/msbuild/2003">
  <ItemGroup>
    <Filter Include="Source Files">
      <UniqueIdentifier>{4FC737F1-C7A5-4376-A066-2A32D752A2FF}</UniqueIdentifier>
      <Extensions>cpp;c;cc;cxx;def;odl;idl;hpj;bat;asm;asmx</Extensions>
    </Filter>
    <Filter Include="Header Files">
      <UniqueIdentifier>{93995380-89BD-4b04-88EB-625FBE52EBFB}</UniqueIdentifier>
      <Extensions>h;hh;hpp;hxx;hm;inl;inc;xsd</Extensions>
    </Filter>
    <Filter Include="Resource Files">
      <UniqueIdentifier>{67DA6AB6-F800-4c08-8B7A-83BB121AAD01}</UniqueIdentifier>
      <Extensions>rc;ico;cur;bmp;dlg;rc2;rct;bin;rgs;gif;jpg;jpeg;jpe;resx;tiff;tif;png;wav;mfcribbon-ms</Extensions>
    </Filter>
    <Filter Include="TestFiles">
      <UniqueIdentifier>{5cd4fb04-48db-4b60-bfbd-7a0b4bd555d8}</UniqueIdentifier>
    </Filter>
  </ItemGroup>
  <ItemGroup>
    <ClCompile Include="src\AngleTests.cpp">
      <Filter>Source Files</Filter>
    </ClCompile>
    <ClCompile Include="src\CSVFileTests.cpp">
      <Filter>Source Files</Filter>
    </ClCompile>
    <ClCompile Include="src\DumbPtrTests.cpp">
      <Filter>Source Files</Filter>
    </ClCompile>
    <ClCompile Include="src\FilesystemTests.cpp">
      <Filter>Source Files</Filter>
    </ClCompile>
    <ClCompile Include="src\FileTest.cpp">
      <Filter>Source Files</Filter>
    </ClCompile>
    <ClCompile Include="src\FrameCounterTests.cpp">
      <Filter>Source Files</Filter>
    </ClCompile>
    <ClCompile Include="src\JSONTests.cpp">
      <Filter>Source Files</Filter>
    </ClCompile>
    <ClCompile Include="src\LockPrimTests.cpp">
      <Filter>Source Files</Filter>
    </ClCompile>
    <ClCompile Include="src\main.cpp">
      <Filter>Source Files</Filter>
    </ClCompile>
    <ClCompile Include="src\NameTests.cpp">
      <Filter>Source Files</Filter>
    </ClCompile>
    <ClCompile Include="src\OSUtilsTests.cpp">
      <Filter>Source Files</Filter>
    </ClCompile>
    <ClCompile Include="src\PivotTests.cpp">
      <Filter>Source Files</Filter>
    </ClCompile>
    <ClCompile Include="src\SimpleStandardOutputLoggerTests.cpp">
      <Filter>Source Files</Filter>
    </ClCompile>
    <ClCompile Include="src\StringTests.cpp">
      <Filter>Source Files</Filter>
    </ClCompile>
    <ClCompile Include="src\TimeTests.cpp">
      <Filter>Source Files</Filter>
    </ClCompile>
    <ClCompile Include="src\TriangleTests.cpp">
      <Filter>Source Files</Filter>
    </ClCompile>
    <ClCompile Include="src\UtilsTest.cpp">
      <Filter>Source Files</Filter>
    </ClCompile>
    <ClCompile Include="src\Vector3DTests.cpp">
      <Filter>Source Files</Filter>
    </ClCompile>
  </ItemGroup>
  <ItemGroup>
    <Text Include="..\runTestsDir\Info.txt">
      <Filter>TestFiles</Filter>
    </Text>
  </ItemGroup>
  <ItemGroup>
    <None Include="..\runTestsDir\test.json">
      <Filter>TestFiles</Filter>
    </None>
    <None Include="Makefile" />
  </ItemGroup>
  <ItemGroup>
    <Xml Include="..\runTestsDir\test_detail.xml">
      <Filter>TestFiles</Filter>
    </Xml>
  </ItemGroup>
  <ItemGroup>
    <ClInclude Include="src\AngleTests.hpp">
      <Filter>Header Files</Filter>
    </ClInclude>
    <ClInclude Include="src\CSVFileTests.hpp">
      <Filter>Header Files</Filter>
    </ClInclude>
    <ClInclude Include="src\DumbPtrTests.hpp">
      <Filter>Header Files</Filter>
    </ClInclude>
    <ClInclude Include="src\FilesystemTests.hpp">
      <Filter>Header Files</Filter>
    </ClInclude>
    <ClInclude Include="src\FileTest.hpp">
      <Filter>Header Files</Filter>
    </ClInclude>
    <ClInclude Include="src\FrameCounterTests.hpp">
      <Filter>Header Files</Filter>
    </ClInclude>
    <ClInclude Include="src\Gtest.hpp">
      <Filter>Header Files</Filter>
    </ClInclude>
    <ClInclude Include="src\JSONTests.hpp">
      <Filter>Header Files</Filter>
    </ClInclude>
    <ClInclude Include="src\LockPrimTests.hpp">
      <Filter>Header Files</Filter>
    </ClInclude>
    <ClInclude Include="src\NameTests.hpp">
      <Filter>Header Files</Filter>
    </ClInclude>
    <ClInclude Include="src\OSUtilsTests.hpp">
      <Filter>Header Files</Filter>
    </ClInclude>
    <ClInclude Include="src\PivotTests.hpp">
      <Filter>Header Files</Filter>
    </ClInclude>
    <ClInclude Include="src\SimpleStandardOutputLoggerTests.hpp">
      <Filter>Header Files</Filter>
    </ClInclude>
    <ClInclude Include="src\StringTest.hpp">
      <Filter>Header Files</Filter>
    </ClInclude>
    <ClInclude Include="src\TimeTests.hpp">
      <Filter>Header Files</Filter>
    </ClInclude>
    <ClInclude Include="src\TriangleTests.hpp">
      <Filter>Header Files</Filter>
    </ClInclude>
    <ClInclude Include="src\UtilsTest.hpp">
      <Filter>Header Files</Filter>
    </ClInclude>
    <ClInclude Include="src\Vector3DTests.hpp">
      <Filter>Header Files</Filter>
    </ClInclude>
  </ItemGroup>
</Project>