<?xml version="1.0" encoding="utf-8"?>
<Project ToolsVersion="4.0" xmlns="http://schemas.microsoft.com/developer/msbuild/2003">
  <ItemGroup>
    <Filter Include="Source Files">
      <UniqueIdentifier>{4FC737F1-C7A5-4376-A066-2A32D752A2FF}</UniqueIdentifier>
      <Extensions>cpp;c;cc;cxx;def;odl;idl;hpj;bat;asm;asmx</Extensions>
    </Filter>
    <Filter Include="Header Files">
      <UniqueIdentifier>{93995380-89BD-4b04-88EB-625FBE52EBFB}</UniqueIdentifier>
      <Extensions>h;hh;hpp;hxx;hm;inl;inc;xsd</Extensions>
    </Filter>
    <Filter Include="Resource Files">
      <UniqueIdentifier>{67DA6AB6-F800-4c08-8B7A-83BB121AAD01}</UniqueIdentifier>
      <Extensions>rc;ico;cur;bmp;dlg;rc2;rct;bin;rgs;gif;jpg;jpeg;jpe;resx;tiff;tif;png;wav;mfcribbon-ms</Extensions>
    </Filter>
    <Filter Include="TestFiles">
      <UniqueIdentifier>{5cd4fb04-48db-4b60-bfbd-7a0b4bd555d8}</UniqueIdentifier>
    </Filter>
  </ItemGroup>
  <ItemGroup>
    <ClCompile Include="CSVFileTests.cpp">
      <Filter>Source Files</Filter>
    </ClCompile>
    <ClCompile Include="FilesystemTests.cpp">
      <Filter>Source Files</Filter>
    </ClCompile>
    <ClCompile Include="FileTest.cpp">
      <Filter>Source Files</Filter>
    </ClCompile>
    <ClCompile Include="FrameCounterTests.cpp">
      <Filter>Source Files</Filter>
    </ClCompile>
    <ClCompile Include="JSONTests.cpp">
      <Filter>Source Files</Filter>
    </ClCompile>
    <ClCompile Include="NameTests.cpp">
      <Filter>Source Files</Filter>
    </ClCompile>
    <ClCompile Include="PivotTests.cpp">
      <Filter>Source Files</Filter>
    </ClCompile>
    <ClCompile Include="StringTests.cpp">
      <Filter>Source Files</Filter>
    </ClCompile>
    <ClCompile Include="TimeTests.cpp">
      <Filter>Source Files</Filter>
    </ClCompile>
    <ClCompile Include="Vector3DTests.cpp">
      <Filter>Source Files</Filter>
    </ClCompile>
    <ClCompile Include="LockPrimTests.cpp">
      <Filter>Source Files</Filter>
    </ClCompile>
    <ClCompile Include="UtilsTest.cpp">
      <Filter>Source Files</Filter>
    </ClCompile>
    <ClCompile Include="OSUtilsTests.cpp">
      <Filter>Source Files</Filter>
    </ClCompile>
    <ClCompile Include="TriangleTests.cpp">
      <Filter>Source Files</Filter>
    </ClCompile>
    <ClCompile Include="main.cpp" />
    <ClCompile Include="SimpleStandardOutputLoggerTests.cpp">
      <Filter>Source Files</Filter>
    </ClCompile>
  </ItemGroup>
  <ItemGroup>
    <ClInclude Include="CSVFileTests.hpp">
      <Filter>Header Files</Filter>
    </ClInclude>
    <ClInclude Include="FilesystemTests.hpp">
      <Filter>Header Files</Filter>
    </ClInclude>
    <ClInclude Include="FileTest.hpp">
      <Filter>Header Files</Filter>
    </ClInclude>
    <ClInclude Include="FrameCounterTests.hpp">
      <Filter>Header Files</Filter>
    </ClInclude>
    <ClInclude Include="Gtest.hpp">
      <Filter>Header Files</Filter>
    </ClInclude>
    <ClInclude Include="JSONTests.hpp">
      <Filter>Header Files</Filter>
    </ClInclude>
    <ClInclude Include="LockPrimTests.hpp">
      <Filter>Header Files</Filter>
    </ClInclude>
    <ClInclude Include="NameTests.hpp">
      <Filter>Header Files</Filter>
    </ClInclude>
    <ClInclude Include="PivotTests.hpp">
      <Filter>Header Files</Filter>
    </ClInclude>
    <ClInclude Include="StringTest.hpp">
      <Filter>Header Files</Filter>
    </ClInclude>
    <ClInclude Include="TimeTests.hpp">
      <Filter>Header Files</Filter>
    </ClInclude>
    <ClInclude Include="Vector3DTests.hpp">
      <Filter>Header Files</Filter>
    </ClInclude>
    <ClInclude Include="UtilsTest.hpp">
      <Filter>Header Files</Filter>
    </ClInclude>
    <ClInclude Include="OSUtilsTests.hpp">
      <Filter>Header Files</Filter>
    </ClInclude>
    <ClInclude Include="TriangleTests.hpp">
      <Filter>Header Files</Filter>
    </ClInclude>
    <ClInclude Include="SimpleStandardOutputLoggerTests.hpp">
      <Filter>Header Files</Filter>
    </ClInclude>
  </ItemGroup>
  <ItemGroup>
    <Text Include="..\runTestsDir\Info.txt">
      <Filter>TestFiles</Filter>
    </Text>
  </ItemGroup>
  <ItemGroup>
    <None Include="..\runTestsDir\test.json">
      <Filter>TestFiles</Filter>
    </None>
    <None Include="Makefile" />
  </ItemGroup>
  <ItemGroup>
    <Xml Include="..\runTestsDir\test_detail.xml">
      <Filter>TestFiles</Filter>
    </Xml>
  </ItemGroup>
</Project>